// !$*UTF8*$!
{
	archiveVersion = 1;
	classes = {
	};
	objectVersion = 77;
	objects = {

/* Begin PBXBuildFile section */
		3DFE10902ED6380700E4A3BC /* CommonDependencies in Frameworks */ = {isa = PBXBuildFile; productRef = 3DFE108F2ED6380700E4A3BC /* CommonDependencies */; };
		3DFE10922ED6380700E4A3BC /* CoreNetwork in Frameworks */ = {isa = PBXBuildFile; productRef = 3DFE10912ED6380700E4A3BC /* CoreNetwork */; };
		3DFE10942ED6380700E4A3BC /* CoreSwiftUI in Frameworks */ = {isa = PBXBuildFile; productRef = 3DFE10932ED6380700E4A3BC /* CoreSwiftUI */; };
		3DFE10972ED6381600E4A3BC /* FoundationInternal in Frameworks */ = {isa = PBXBuildFile; productRef = 3DFE10962ED6381600E4A3BC /* FoundationInternal */; };
		3DFE109A2ED6382000E4A3BC /* CommonDependencies in Frameworks */ = {isa = PBXBuildFile; productRef = 3DFE10992ED6382000E4A3BC /* CommonDependencies */; };
		3DFE109C2ED6382000E4A3BC /* CoreNetwork in Frameworks */ = {isa = PBXBuildFile; productRef = 3DFE109B2ED6382000E4A3BC /* CoreNetwork */; };
		3DFE109E2ED6382000E4A3BC /* CoreSwiftUI in Frameworks */ = {isa = PBXBuildFile; productRef = 3DFE109D2ED6382000E4A3BC /* CoreSwiftUI */; };
		3DFE10A12ED6382900E4A3BC /* AnalyticsApp in Frameworks */ = {isa = PBXBuildFile; productRef = 3DFE10A02ED6382900E4A3BC /* AnalyticsApp */; };
/* End PBXBuildFile section */

/* Begin PBXFileReference section */
		3D8319742ED1DEA10089C74F /* MasterDoctor.app */ = {isa = PBXFileReference; explicitFileType = wrapper.application; includeInIndex = 0; path = MasterDoctor.app; sourceTree = BUILT_PRODUCTS_DIR; };
/* End PBXFileReference section */

/* Begin PBXFileSystemSynchronizedRootGroup section */
		3D8319762ED1DEA10089C74F /* MasterDoctor */ = {
			isa = PBXFileSystemSynchronizedRootGroup;
			path = MasterDoctor;
			sourceTree = "<group>";
		};
/* End PBXFileSystemSynchronizedRootGroup section */

/* Begin PBXFrameworksBuildPhase section */
		3D8319712ED1DEA10089C74F /* Frameworks */ = {
			isa = PBXFrameworksBuildPhase;
			buildActionMask = 2147483647;
			files = (
				3DFE10942ED6380700E4A3BC /* CoreSwiftUI in Frameworks */,
				3DFE10922ED6380700E4A3BC /* CoreNetwork in Frameworks */,
				3DFE109A2ED6382000E4A3BC /* CommonDependencies in Frameworks */,
				3DFE10972ED6381600E4A3BC /* FoundationInternal in Frameworks */,
				3DFE109E2ED6382000E4A3BC /* CoreSwiftUI in Frameworks */,
				3DFE10A12ED6382900E4A3BC /* AnalyticsApp in Frameworks */,
				3DFE109C2ED6382000E4A3BC /* CoreNetwork in Frameworks */,
				3DFE10902ED6380700E4A3BC /* CommonDependencies in Frameworks */,
			);
			runOnlyForDeploymentPostprocessing = 0;
		};
/* End PBXFrameworksBuildPhase section */

/* Begin PBXGroup section */
		3D83196B2ED1DEA10089C74F = {
			isa = PBXGroup;
			children = (
				3D8319762ED1DEA10089C74F /* MasterDoctor */,
				3D8319B42ED1F50E0089C74F /* Frameworks */,
				3D8319752ED1DEA10089C74F /* Products */,
			);
			sourceTree = "<group>";
		};
		3D8319752ED1DEA10089C74F /* Products */ = {
			isa = PBXGroup;
			children = (
				3D8319742ED1DEA10089C74F /* MasterDoctor.app */,
			);
			name = Products;
			sourceTree = "<group>";
		};
		3D8319B42ED1F50E0089C74F /* Frameworks */ = {
			isa = PBXGroup;
			children = (
			);
			name = Frameworks;
			sourceTree = "<group>";
		};
/* End PBXGroup section */

/* Begin PBXNativeTarget section */
		3D8319732ED1DEA10089C74F /* MasterDoctor */ = {
			isa = PBXNativeTarget;
			buildConfigurationList = 3D83197F2ED1DEA20089C74F /* Build configuration list for PBXNativeTarget "MasterDoctor" */;
			buildPhases = (
				3D8319702ED1DEA10089C74F /* Sources */,
				3D8319712ED1DEA10089C74F /* Frameworks */,
				3D8319722ED1DEA10089C74F /* Resources */,
			);
			buildRules = (
			);
			dependencies = (
			);
			fileSystemSynchronizedGroups = (
				3D8319762ED1DEA10089C74F /* MasterDoctor */,
			);
			name = MasterDoctor;
			packageProductDependencies = (
				3DFE108F2ED6380700E4A3BC /* CommonDependencies */,
				3DFE10912ED6380700E4A3BC /* CoreNetwork */,
				3DFE10932ED6380700E4A3BC /* CoreSwiftUI */,
				3DFE10962ED6381600E4A3BC /* FoundationInternal */,
				3DFE10992ED6382000E4A3BC /* CommonDependencies */,
				3DFE109B2ED6382000E4A3BC /* CoreNetwork */,
				3DFE109D2ED6382000E4A3BC /* CoreSwiftUI */,
				3DFE10A02ED6382900E4A3BC /* AnalyticsApp */,
			);
			productName = MasterDoctor;
			productReference = 3D8319742ED1DEA10089C74F /* MasterDoctor.app */;
			productType = "com.apple.product-type.application";
		};
/* End PBXNativeTarget section */

/* Begin PBXProject section */
		3D83196C2ED1DEA10089C74F /* Project object */ = {
			isa = PBXProject;
			attributes = {
				BuildIndependentTargetsInParallel = 1;
				LastSwiftUpdateCheck = 1640;
				LastUpgradeCheck = 1640;
				TargetAttributes = {
					3D8319732ED1DEA10089C74F = {
						CreatedOnToolsVersion = 16.4;
					};
				};
			};
			buildConfigurationList = 3D83196F2ED1DEA10089C74F /* Build configuration list for PBXProject "MasterDoctor" */;
			developmentRegion = en;
			hasScannedForEncodings = 0;
			knownRegions = (
				en,
				Base,
			);
			mainGroup = 3D83196B2ED1DEA10089C74F;
			minimizedProjectReferenceProxies = 1;
			packageReferences = (
				3DFE10952ED6381600E4A3BC /* XCLocalSwiftPackageReference "Foundation" */,
				3DFE10982ED6382000E4A3BC /* XCLocalSwiftPackageReference "CommonCore" */,
				3DFE109F2ED6382900E4A3BC /* XCLocalSwiftPackageReference "MainFeatures" */,
			);
			preferredProjectObjectVersion = 77;
			productRefGroup = 3D8319752ED1DEA10089C74F /* Products */;
			projectDirPath = "";
			projectRoot = "";
			targets = (
				3D8319732ED1DEA10089C74F /* MasterDoctor */,
			);
		};
/* End PBXProject section */

/* Begin PBXResourcesBuildPhase section */
		3D8319722ED1DEA10089C74F /* Resources */ = {
			isa = PBXResourcesBuildPhase;
			buildActionMask = 2147483647;
			files = (
			);
			runOnlyForDeploymentPostprocessing = 0;
		};
/* End PBXResourcesBuildPhase section */

/* Begin PBXSourcesBuildPhase section */
		3D8319702ED1DEA10089C74F /* Sources */ = {
			isa = PBXSourcesBuildPhase;
			buildActionMask = 2147483647;
			files = (
			);
			runOnlyForDeploymentPostprocessing = 0;
		};
/* End PBXSourcesBuildPhase section */

/* Begin XCBuildConfiguration section */
		3D83197D2ED1DEA20089C74F /* Debug */ = {
			isa = XCBuildConfiguration;
			buildSettings = {
				ALWAYS_SEARCH_USER_PATHS = NO;
				ASSETCATALOG_COMPILER_GENERATE_SWIFT_ASSET_SYMBOL_EXTENSIONS = YES;
				CLANG_ANALYZER_NONNULL = YES;
				CLANG_ANALYZER_NUMBER_OBJECT_CONVERSION = YES_AGGRESSIVE;
				CLANG_CXX_LANGUAGE_STANDARD = "gnu++20";
				CLANG_ENABLE_MODULES = YES;
				CLANG_ENABLE_OBJC_ARC = YES;
				CLANG_ENABLE_OBJC_WEAK = YES;
				CLANG_WARN_BLOCK_CAPTURE_AUTORELEASING = YES;
				CLANG_WARN_BOOL_CONVERSION = YES;
				CLANG_WARN_COMMA = YES;
				CLANG_WARN_CONSTANT_CONVERSION = YES;
				CLANG_WARN_DEPRECATED_OBJC_IMPLEMENTATIONS = YES;
				CLANG_WARN_DIRECT_OBJC_ISA_USAGE = YES_ERROR;
				CLANG_WARN_DOCUMENTATION_COMMENTS = YES;
				CLANG_WARN_EMPTY_BODY = YES;
				CLANG_WARN_ENUM_CONVERSION = YES;
				CLANG_WARN_INFINITE_RECURSION = YES;
				CLANG_WARN_INT_CONVERSION = YES;
				CLANG_WARN_NON_LITERAL_NULL_CONVERSION = YES;
				CLANG_WARN_OBJC_IMPLICIT_RETAIN_SELF = YES;
				CLANG_WARN_OBJC_LITERAL_CONVERSION = YES;
				CLANG_WARN_OBJC_ROOT_CLASS = YES_ERROR;
				CLANG_WARN_QUOTED_INCLUDE_IN_FRAMEWORK_HEADER = YES;
				CLANG_WARN_RANGE_LOOP_ANALYSIS = YES;
				CLANG_WARN_STRICT_PROTOTYPES = YES;
				CLANG_WARN_SUSPICIOUS_MOVE = YES;
				CLANG_WARN_UNGUARDED_AVAILABILITY = YES_AGGRESSIVE;
				CLANG_WARN_UNREACHABLE_CODE = YES;
				CLANG_WARN__DUPLICATE_METHOD_MATCH = YES;
				COPY_PHASE_STRIP = NO;
				DEBUG_INFORMATION_FORMAT = dwarf;
				DEVELOPMENT_TEAM = 653PNCT9WW;
				ENABLE_STRICT_OBJC_MSGSEND = YES;
				ENABLE_TESTABILITY = YES;
				ENABLE_USER_SCRIPT_SANDBOXING = YES;
				GCC_C_LANGUAGE_STANDARD = gnu17;
				GCC_DYNAMIC_NO_PIC = NO;
				GCC_NO_COMMON_BLOCKS = YES;
				GCC_OPTIMIZATION_LEVEL = 0;
				GCC_PREPROCESSOR_DEFINITIONS = (
					"DEBUG=1",
					"$(inherited)",
				);
				GCC_WARN_64_TO_32_BIT_CONVERSION = YES;
				GCC_WARN_ABOUT_RETURN_TYPE = YES_ERROR;
				GCC_WARN_UNDECLARED_SELECTOR = YES;
				GCC_WARN_UNINITIALIZED_AUTOS = YES_AGGRESSIVE;
				GCC_WARN_UNUSED_FUNCTION = YES;
				GCC_WARN_UNUSED_VARIABLE = YES;
				IPHONEOS_DEPLOYMENT_TARGET = 18.5;
				LOCALIZATION_PREFERS_STRING_CATALOGS = YES;
				MTL_ENABLE_DEBUG_INFO = INCLUDE_SOURCE;
				MTL_FAST_MATH = YES;
				ONLY_ACTIVE_ARCH = YES;
				SDKROOT = iphoneos;
				SWIFT_ACTIVE_COMPILATION_CONDITIONS = "DEBUG $(inherited)";
				SWIFT_OPTIMIZATION_LEVEL = "-Onone";
			};
			name = Debug;
		};
		3D83197E2ED1DEA20089C74F /* Release */ = {
			isa = XCBuildConfiguration;
			buildSettings = {
				ALWAYS_SEARCH_USER_PATHS = NO;
				ASSETCATALOG_COMPILER_GENERATE_SWIFT_ASSET_SYMBOL_EXTENSIONS = YES;
				CLANG_ANALYZER_NONNULL = YES;
				CLANG_ANALYZER_NUMBER_OBJECT_CONVERSION = YES_AGGRESSIVE;
				CLANG_CXX_LANGUAGE_STANDARD = "gnu++20";
				CLANG_ENABLE_MODULES = YES;
				CLANG_ENABLE_OBJC_ARC = YES;
				CLANG_ENABLE_OBJC_WEAK = YES;
				CLANG_WARN_BLOCK_CAPTURE_AUTORELEASING = YES;
				CLANG_WARN_BOOL_CONVERSION = YES;
				CLANG_WARN_COMMA = YES;
				CLANG_WARN_CONSTANT_CONVERSION = YES;
				CLANG_WARN_DEPRECATED_OBJC_IMPLEMENTATIONS = YES;
				CLANG_WARN_DIRECT_OBJC_ISA_USAGE = YES_ERROR;
				CLANG_WARN_DOCUMENTATION_COMMENTS = YES;
				CLANG_WARN_EMPTY_BODY = YES;
				CLANG_WARN_ENUM_CONVERSION = YES;
				CLANG_WARN_INFINITE_RECURSION = YES;
				CLANG_WARN_INT_CONVERSION = YES;
				CLANG_WARN_NON_LITERAL_NULL_CONVERSION = YES;
				CLANG_WARN_OBJC_IMPLICIT_RETAIN_SELF = YES;
				CLANG_WARN_OBJC_LITERAL_CONVERSION = YES;
				CLANG_WARN_OBJC_ROOT_CLASS = YES_ERROR;
				CLANG_WARN_QUOTED_INCLUDE_IN_FRAMEWORK_HEADER = YES;
				CLANG_WARN_RANGE_LOOP_ANALYSIS = YES;
				CLANG_WARN_STRICT_PROTOTYPES = YES;
				CLANG_WARN_SUSPICIOUS_MOVE = YES;
				CLANG_WARN_UNGUARDED_AVAILABILITY = YES_AGGRESSIVE;
				CLANG_WARN_UNREACHABLE_CODE = YES;
				CLANG_WARN__DUPLICATE_METHOD_MATCH = YES;
				COPY_PHASE_STRIP = NO;
				DEBUG_INFORMATION_FORMAT = "dwarf-with-dsym";
				DEVELOPMENT_TEAM = 653PNCT9WW;
				ENABLE_NS_ASSERTIONS = NO;
				ENABLE_STRICT_OBJC_MSGSEND = YES;
				ENABLE_USER_SCRIPT_SANDBOXING = YES;
				GCC_C_LANGUAGE_STANDARD = gnu17;
				GCC_NO_COMMON_BLOCKS = YES;
				GCC_WARN_64_TO_32_BIT_CONVERSION = YES;
				GCC_WARN_ABOUT_RETURN_TYPE = YES_ERROR;
				GCC_WARN_UNDECLARED_SELECTOR = YES;
				GCC_WARN_UNINITIALIZED_AUTOS = YES_AGGRESSIVE;
				GCC_WARN_UNUSED_FUNCTION = YES;
				GCC_WARN_UNUSED_VARIABLE = YES;
				IPHONEOS_DEPLOYMENT_TARGET = 18.5;
				LOCALIZATION_PREFERS_STRING_CATALOGS = YES;
				MTL_ENABLE_DEBUG_INFO = NO;
				MTL_FAST_MATH = YES;
				SDKROOT = iphoneos;
				SWIFT_COMPILATION_MODE = wholemodule;
				VALIDATE_PRODUCT = YES;
			};
			name = Release;
		};
		3D8319802ED1DEA20089C74F /* Debug */ = {
			isa = XCBuildConfiguration;
			buildSettings = {
				ASSETCATALOG_COMPILER_APPICON_NAME = AppIcon;
				ASSETCATALOG_COMPILER_GLOBAL_ACCENT_COLOR_NAME = AccentColor;
				CODE_SIGN_STYLE = Automatic;
				CURRENT_PROJECT_VERSION = 1;
				DEVELOPMENT_TEAM = 653PNCT9WW;
				ENABLE_PREVIEWS = YES;
				GENERATE_INFOPLIST_FILE = YES;
				INFOPLIST_KEY_UIApplicationSceneManifest_Generation = YES;
				INFOPLIST_KEY_UIApplicationSupportsIndirectInputEvents = YES;
				INFOPLIST_KEY_UILaunchScreen_Generation = YES;
				INFOPLIST_KEY_UISupportedInterfaceOrientations_iPad = "UIInterfaceOrientationPortrait UIInterfaceOrientationPortraitUpsideDown UIInterfaceOrientationLandscapeLeft UIInterfaceOrientationLandscapeRight";
				INFOPLIST_KEY_UISupportedInterfaceOrientations_iPhone = "UIInterfaceOrientationPortrait UIInterfaceOrientationLandscapeLeft UIInterfaceOrientationLandscapeRight";
				IPHONEOS_DEPLOYMENT_TARGET = 18.0;
				LD_RUNPATH_SEARCH_PATHS = (
					"$(inherited)",
					"@executable_path/Frameworks",
				);
				MARKETING_VERSION = 1.0;
				PRODUCT_BUNDLE_IDENTIFIER = my.MasterDoctor;
				PRODUCT_NAME = "$(TARGET_NAME)";
				SUPPORTED_PLATFORMS = "iphoneos iphonesimulator";
				SUPPORTS_MACCATALYST = NO;
				SUPPORTS_XR_DESIGNED_FOR_IPHONE_IPAD = NO;
				SWIFT_EMIT_LOC_STRINGS = YES;
				SWIFT_VERSION = 5.0;
				TARGETED_DEVICE_FAMILY = "1,2";
			};
			name = Debug;
		};
		3D8319812ED1DEA20089C74F /* Release */ = {
			isa = XCBuildConfiguration;
			buildSettings = {
				ASSETCATALOG_COMPILER_APPICON_NAME = AppIcon;
				ASSETCATALOG_COMPILER_GLOBAL_ACCENT_COLOR_NAME = AccentColor;
				CODE_SIGN_STYLE = Automatic;
				CURRENT_PROJECT_VERSION = 1;
				DEVELOPMENT_TEAM = 653PNCT9WW;
				ENABLE_PREVIEWS = YES;
				GENERATE_INFOPLIST_FILE = YES;
				INFOPLIST_KEY_UIApplicationSceneManifest_Generation = YES;
				INFOPLIST_KEY_UIApplicationSupportsIndirectInputEvents = YES;
				INFOPLIST_KEY_UILaunchScreen_Generation = YES;
				INFOPLIST_KEY_UISupportedInterfaceOrientations_iPad = "UIInterfaceOrientationPortrait UIInterfaceOrientationPortraitUpsideDown UIInterfaceOrientationLandscapeLeft UIInterfaceOrientationLandscapeRight";
				INFOPLIST_KEY_UISupportedInterfaceOrientations_iPhone = "UIInterfaceOrientationPortrait UIInterfaceOrientationLandscapeLeft UIInterfaceOrientationLandscapeRight";
				IPHONEOS_DEPLOYMENT_TARGET = 18.0;
				LD_RUNPATH_SEARCH_PATHS = (
					"$(inherited)",
					"@executable_path/Frameworks",
				);
				MARKETING_VERSION = 1.0;
				PRODUCT_BUNDLE_IDENTIFIER = my.MasterDoctor;
				PRODUCT_NAME = "$(TARGET_NAME)";
				SUPPORTED_PLATFORMS = "iphoneos iphonesimulator";
				SUPPORTS_MACCATALYST = NO;
				SUPPORTS_XR_DESIGNED_FOR_IPHONE_IPAD = NO;
				SWIFT_EMIT_LOC_STRINGS = YES;
				SWIFT_VERSION = 5.0;
				TARGETED_DEVICE_FAMILY = "1,2";
			};
			name = Release;
		};
/* End XCBuildConfiguration section */

/* Begin XCConfigurationList section */
		3D83196F2ED1DEA10089C74F /* Build configuration list for PBXProject "MasterDoctor" */ = {
			isa = XCConfigurationList;
			buildConfigurations = (
				3D83197D2ED1DEA20089C74F /* Debug */,
				3D83197E2ED1DEA20089C74F /* Release */,
			);
			defaultConfigurationIsVisible = 0;
			defaultConfigurationName = Release;
		};
		3D83197F2ED1DEA20089C74F /* Build configuration list for PBXNativeTarget "MasterDoctor" */ = {
			isa = XCConfigurationList;
			buildConfigurations = (
				3D8319802ED1DEA20089C74F /* Debug */,
				3D8319812ED1DEA20089C74F /* Release */,
			);
			defaultConfigurationIsVisible = 0;
			defaultConfigurationName = Release;
		};
/* End XCConfigurationList section */

/* Begin XCLocalSwiftPackageReference section */
		3DFE10952ED6381600E4A3BC /* XCLocalSwiftPackageReference "Foundation" */ = {
			isa = XCLocalSwiftPackageReference;
			relativePath = Foundation;
		};
		3DFE10982ED6382000E4A3BC /* XCLocalSwiftPackageReference "CommonCore" */ = {
			isa = XCLocalSwiftPackageReference;
			relativePath = CommonCore;
		};
		3DFE109F2ED6382900E4A3BC /* XCLocalSwiftPackageReference "MainFeatures" */ = {
			isa = XCLocalSwiftPackageReference;
			relativePath = MainFeatures;
		};
/* End XCLocalSwiftPackageReference section */

/* Begin XCSwiftPackageProductDependency section */
		3DFE108F2ED6380700E4A3BC /* CommonDependencies */ = {
			isa = XCSwiftPackageProductDependency;
			productName = CommonDependencies;
		};
		3DFE10912ED6380700E4A3BC /* CoreNetwork */ = {
			isa = XCSwiftPackageProductDependency;
			productName = CoreNetwork;
		};
		3DFE10932ED6380700E4A3BC /* CoreSwiftUI */ = {
			isa = XCSwiftPackageProductDependency;
			productName = CoreSwiftUI;
		};
		3DFE10962ED6381600E4A3BC /* FoundationInternal */ = {
			isa = XCSwiftPackageProductDependency;
			productName = FoundationInternal;
		};
		3DFE10992ED6382000E4A3BC /* CommonDependencies */ = {
			isa = XCSwiftPackageProductDependency;
			productName = CommonDependencies;
		};
		3DFE109B2ED6382000E4A3BC /* CoreNetwork */ = {
			isa = XCSwiftPackageProductDependency;
			productName = CoreNetwork;
		};
		3DFE109D2ED6382000E4A3BC /* CoreSwiftUI */ = {
			isa = XCSwiftPackageProductDependency;
			productName = CoreSwiftUI;
		};
		3DFE10A02ED6382900E4A3BC /* AnalyticsApp */ = {
			isa = XCSwiftPackageProductDependency;
			productName = AnalyticsApp;
		};
/* End XCSwiftPackageProductDependency section */
	};
	rootObject = 3D83196C2ED1DEA10089C74F /* Project object */;
}
